
Microsoft Visual Studio Solution File, Format Version 12.00
# Visual Studio Version 17
VisualStudioVersion = 17.14.37111.16 d17.14
MinimumVisualStudioVersion = 10.0.40219.1
Project("{FAE04EC0-301F-11D3-BF4B-00C04F79EFBC}") = "trainStation", "trainStation.csproj", "{6546B5DC-296F-41D9-849A-BC317C0BB36E}"
EndProject
Global
	GlobalSection(SolutionConfigurationPlatforms) = preSolution
		Debug|Any CPU = Debug|Any CPU
		Release|Any CPU = Release|Any CPU
	EndGlobalSection
	GlobalSection(ProjectConfigurationPlatforms) = postSolution
		{6546B5DC-296F-41D9-849A-BC317C0BB36E}.Debug|Any CPU.ActiveCfg = Debug|Any CPU
		{6546B5DC-296F-41D9-849A-BC317C0BB36E}.Debug|Any CPU.Build.0 = Debug|Any CPU
		{6546B5DC-296F-41D9-849A-BC317C0BB36E}.Release|Any CPU.ActiveCfg = Release|Any CPU
		{6546B5DC-296F-41D9-849A-BC317C0BB36E}.Release|Any CPU.Build.0 = Release|Any CPU
	EndGlobalSection
	GlobalSection(SolutionProperties) = preSolution
		HideSolutionNode = FALSE
	EndGlobalSection
	GlobalSection(ExtensibilityGlobals) = postSolution
		SolutionGuid = {222E985F-687C-4417-8146-B02883DA3F59}
	EndGlobalSection
EndGlobal
